
Microsoft Visual Studio Solution File, Format Version 12.00
# Visual Studio Version 17
VisualStudioVersion = 17.2.32519.379
MinimumVisualStudioVersion = 10.0.40219.1
Project("{FAE04EC0-301F-11D3-BF4B-00C04F79EFBC}") = "pryJuegoGalaga", "pryJuegoGalaga\pryJuegoGalaga.csproj", "{D6882E1E-78C5-4A8B-BECC-21285C9B8462}"
EndProject
Global
	GlobalSection(SolutionConfigurationPlatforms) = preSolution
		Debug|Any CPU = Debug|Any CPU
		Release|Any CPU = Release|Any CPU
	EndGlobalSection
	GlobalSection(ProjectConfigurationPlatforms) = postSolution
		{D6882E1E-78C5-4A8B-BECC-21285C9B8462}.Debug|Any CPU.ActiveCfg = Debug|Any CPU
		{D6882E1E-78C5-4A8B-BECC-21285C9B8462}.Debug|Any CPU.Build.0 = Debug|Any CPU
		{D6882E1E-78C5-4A8B-BECC-21285C9B8462}.Release|Any CPU.ActiveCfg = Release|Any CPU
		{D6882E1E-78C5-4A8B-BECC-21285C9B8462}.Release|Any CPU.Build.0 = Release|Any CPU
	EndGlobalSection
	GlobalSection(SolutionProperties) = preSolution
		HideSolutionNode = FALSE
	EndGlobalSection
	GlobalSection(ExtensibilityGlobals) = postSolution
		SolutionGuid = {A3625ADD-B1F1-40A8-8DD7-51D7932DF494}
	EndGlobalSection
EndGlobal
